
Microsoft Visual Studio Solution File, Format Version 12.00
# Visual Studio 14
VisualStudioVersion = 14.0.24720.0
MinimumVisualStudioVersion = 10.0.40219.1
Project("{8BC9CEB8-8B4A-11D0-8D11-00A0C91BC942}") = "数值计算方法实验一", "数值计算方法实验一\数值计算方法实验一.vcxproj", "{F9655E66-43D2-4990-958B-FB4B1A9875DE}"
EndProject
Global
	GlobalSection(SolutionConfigurationPlatforms) = preSolution
		Debug|x64 = Debug|x64
		Debug|x86 = Debug|x86
		Release|x64 = Release|x64
		Release|x86 = Release|x86
	EndGlobalSection
	GlobalSection(ProjectConfigurationPlatforms) = postSolution
		{F9655E66-43D2-4990-958B-FB4B1A9875DE}.Debug|x64.ActiveCfg = Debug|x64
		{F9655E66-43D2-4990-958B-FB4B1A9875DE}.Debug|x64.Build.0 = Debug|x64
		{F9655E66-43D2-4990-958B-FB4B1A9875DE}.Debug|x86.ActiveCfg = Debug|Win32
		{F9655E66-43D2-4990-958B-FB4B1A9875DE}.Debug|x86.Build.0 = Debug|Win32
		{F9655E66-43D2-4990-958B-FB4B1A9875DE}.Release|x64.ActiveCfg = Release|x64
		{F9655E66-43D2-4990-958B-FB4B1A9875DE}.Release|x64.Build.0 = Release|x64
		{F9655E66-43D2-4990-958B-FB4B1A9875DE}.Release|x86.ActiveCfg = Release|Win32
		{F9655E66-43D2-4990-958B-FB4B1A9875DE}.Release|x86.Build.0 = Release|Win32
	EndGlobalSection
	GlobalSection(SolutionProperties) = preSolution
		HideSolutionNode = FALSE
	EndGlobalSection
EndGlobal
